
Microsoft Visual Studio Solution File, Format Version 12.00
# Visual Studio Version 17
VisualStudioVersion = 17.5.33530.505
MinimumVisualStudioVersion = 10.0.40219.1
Project("{FAE04EC0-301F-11D3-BF4B-00C04F79EFBC}") = "Ejercicios con listas (ejer 1)", "Ejercicios con listas (ejer 1)\Ejercicios con listas (ejer 1).csproj", "{124AE04F-6039-45C0-89D6-D6B985347E96}"
EndProject
Project("{FAE04EC0-301F-11D3-BF4B-00C04F79EFBC}") = "Ejercicios con listas (ejer 2)", "Ejercicios con listas (ejer 2)\Ejercicios con listas (ejer 2).csproj", "{E5ED40C3-FA97-4DA3-B37E-750C1087C4EF}"
EndProject
Project("{FAE04EC0-301F-11D3-BF4B-00C04F79EFBC}") = "Ejercicios con listas (ejer 3)", "Ejercicios con listas (ejer 3)\Ejercicios con listas (ejer 3).csproj", "{B3673DEF-FBDD-4033-B105-7EE4E2B151AE}"
EndProject
Project("{2150E333-8FDC-42A3-9474-1A3956D46DE8}") = "Ejercicios con listas", "Ejercicios con listas", "{30012AB9-F18B-4018-A226-0F245987760C}"
EndProject
Project("{2150E333-8FDC-42A3-9474-1A3956D46DE8}") = "A pedido del publico", "A pedido del publico", "{561D1DDA-44D4-4381-8C7E-92CBA436D168}"
EndProject
Project("{FAE04EC0-301F-11D3-BF4B-00C04F79EFBC}") = "ejer 1", "ejer 1\ejer 1.csproj", "{96B24536-CD0B-495C-ABED-DA6D7FC37537}"
EndProject
Project("{FAE04EC0-301F-11D3-BF4B-00C04F79EFBC}") = "ejer 2", "ejer 2\ejer 2.csproj", "{F6C5518A-F100-4F5F-BCAC-A605F9EE9FFD}"
EndProject
Project("{FAE04EC0-301F-11D3-BF4B-00C04F79EFBC}") = "ejer 3", "ejer 3\ejer 3.csproj", "{7BCF438D-8CBE-4892-ACF2-1735A1961E69}"
EndProject
Project("{FAE04EC0-301F-11D3-BF4B-00C04F79EFBC}") = "ejer 4", "ejer 4\ejer 4.csproj", "{7ECAA5C6-063D-4E0E-92B3-08B4A9C5573E}"
EndProject
Project("{FAE04EC0-301F-11D3-BF4B-00C04F79EFBC}") = "ejer 5", "ejer 5\ejer 5.csproj", "{0E9BE2A2-B9F0-408E-B2EC-4AA20CF07A39}"
EndProject
Project("{FAE04EC0-301F-11D3-BF4B-00C04F79EFBC}") = "ejer 6", "ejer 6\ejer 6.csproj", "{9C2166DA-8C93-4096-8CF2-4F5B12DD3145}"
EndProject
Project("{FAE04EC0-301F-11D3-BF4B-00C04F79EFBC}") = "ejer 7", "ejer 7\ejer 7.csproj", "{D8E225D4-BE50-4871-A8E7-2827CF70207B}"
EndProject
Project("{FAE04EC0-301F-11D3-BF4B-00C04F79EFBC}") = "ejer 8", "ejer 8\ejer 8.csproj", "{EE9D18B0-6218-4848-AD1E-D81FC7A62ED0}"
EndProject
Project("{FAE04EC0-301F-11D3-BF4B-00C04F79EFBC}") = "ejer 9", "ejer 9\ejer 9.csproj", "{89C4713C-047F-4656-92A4-C70AA29921D4}"
EndProject
Project("{FAE04EC0-301F-11D3-BF4B-00C04F79EFBC}") = "ejer 10", "ejer 10\ejer 10.csproj", "{C2CD6DDE-125C-4F9B-A004-856E9482A8F7}"
EndProject
Project("{2150E333-8FDC-42A3-9474-1A3956D46DE8}") = "Introduccion a herencias", "Introduccion a herencias", "{236744EE-0AE0-4D2E-9987-97361D7A26A6}"
EndProject
Project("{FAE04EC0-301F-11D3-BF4B-00C04F79EFBC}") = "Introduccion a herencias", "Introduccion a herencias\Introduccion a herencias.csproj", "{71CE9B58-DEB6-4767-8789-AE31AFCCFC5B}"
EndProject
Project("{2150E333-8FDC-42A3-9474-1A3956D46DE8}") = "EOPAM", "EOPAM", "{1DCDCCEA-65A3-4B43-9015-7F9DF92E6F0B}"
EndProject
Project("{FAE04EC0-301F-11D3-BF4B-00C04F79EFBC}") = "EOPAM 4", "EOPAM 4\EOPAM 4.csproj", "{35C1F8FD-4E34-41DF-AA59-6E7C4ABCAEDC}"
EndProject
Project("{FAE04EC0-301F-11D3-BF4B-00C04F79EFBC}") = "EOPAM 1", "EOPAM 1\EOPAM 1.csproj", "{1DD05926-362E-456E-A98B-CED562C42E28}"
EndProject
Project("{FAE04EC0-301F-11D3-BF4B-00C04F79EFBC}") = "EOPAM 2", "EOPAM 2\EOPAM 2.csproj", "{2F609B07-4869-4776-AF01-BA27A32EAA15}"
EndProject
Project("{2150E333-8FDC-42A3-9474-1A3956D46DE8}") = "Tobi", "Tobi", "{28586EF9-9C5E-4052-BE14-3D520824E2AD}"
EndProject
Project("{FAE04EC0-301F-11D3-BF4B-00C04F79EFBC}") = "tobiprueba 1", "tobiprueba 1\tobiprueba 1.csproj", "{F82105D4-90FA-45B6-9D1E-A8BE18206140}"
EndProject
Project("{FAE04EC0-301F-11D3-BF4B-00C04F79EFBC}") = "EOPAM 3", "EOPAM 3\EOPAM 3.csproj", "{68A55D36-7D54-4368-A2EA-D696336E30FF}"
EndProject
Project("{FAE04EC0-301F-11D3-BF4B-00C04F79EFBC}") = "EOPAM 5", "EOPAM 5\EOPAM 5.csproj", "{EA5E8398-732D-45DB-A38C-9561136A73C0}"
EndProject
Project("{2150E333-8FDC-42A3-9474-1A3956D46DE8}") = "Usable", "Usable", "{998CAB77-5AA9-49D0-86B2-BBEED7320CFF}"
EndProject
Project("{9A19103F-16F7-4668-BE54-9A1E7A4F7556}") = "MenuTools", "MenuTools\MenuTools.csproj", "{543274E4-B99F-4C61-A70E-2758903FD719}"
EndProject
Project("{9A19103F-16F7-4668-BE54-9A1E7A4F7556}") = "MenuToolsshow", "MenuToolsshow\MenuToolsshow.csproj", "{FA7C5946-0925-47A1-BCF9-F0C2B976CA1D}"
EndProject
Project("{9A19103F-16F7-4668-BE54-9A1E7A4F7556}") = "biblio", "biblio\biblio.csproj", "{DDB6E4C3-D129-4F9C-8350-B9D6C5B3226E}"
EndProject
Project("{FAE04EC0-301F-11D3-BF4B-00C04F79EFBC}") = "EOPAM 6", "EOPAM 6\EOPAM 6.csproj", "{B1AEE6D1-5575-4FD8-9139-3AFAAEF321CC}"
EndProject
Global
	GlobalSection(SolutionConfigurationPlatforms) = preSolution
		Debug|Any CPU = Debug|Any CPU
		Release|Any CPU = Release|Any CPU
	EndGlobalSection
	GlobalSection(ProjectConfigurationPlatforms) = postSolution
		{124AE04F-6039-45C0-89D6-D6B985347E96}.Debug|Any CPU.ActiveCfg = Debug|Any CPU
		{124AE04F-6039-45C0-89D6-D6B985347E96}.Debug|Any CPU.Build.0 = Debug|Any CPU
		{124AE04F-6039-45C0-89D6-D6B985347E96}.Release|Any CPU.ActiveCfg = Release|Any CPU
		{124AE04F-6039-45C0-89D6-D6B985347E96}.Release|Any CPU.Build.0 = Release|Any CPU
		{E5ED40C3-FA97-4DA3-B37E-750C1087C4EF}.Debug|Any CPU.ActiveCfg = Debug|Any CPU
		{E5ED40C3-FA97-4DA3-B37E-750C1087C4EF}.Debug|Any CPU.Build.0 = Debug|Any CPU
		{E5ED40C3-FA97-4DA3-B37E-750C1087C4EF}.Release|Any CPU.ActiveCfg = Release|Any CPU
		{E5ED40C3-FA97-4DA3-B37E-750C1087C4EF}.Release|Any CPU.Build.0 = Release|Any CPU
		{B3673DEF-FBDD-4033-B105-7EE4E2B151AE}.Debug|Any CPU.ActiveCfg = Debug|Any CPU
		{B3673DEF-FBDD-4033-B105-7EE4E2B151AE}.Debug|Any CPU.Build.0 = Debug|Any CPU
		{B3673DEF-FBDD-4033-B105-7EE4E2B151AE}.Release|Any CPU.ActiveCfg = Release|Any CPU
		{B3673DEF-FBDD-4033-B105-7EE4E2B151AE}.Release|Any CPU.Build.0 = Release|Any CPU
		{96B24536-CD0B-495C-ABED-DA6D7FC37537}.Debug|Any CPU.ActiveCfg = Debug|Any CPU
		{96B24536-CD0B-495C-ABED-DA6D7FC37537}.Debug|Any CPU.Build.0 = Debug|Any CPU
		{96B24536-CD0B-495C-ABED-DA6D7FC37537}.Release|Any CPU.ActiveCfg = Release|Any CPU
		{96B24536-CD0B-495C-ABED-DA6D7FC37537}.Release|Any CPU.Build.0 = Release|Any CPU
		{F6C5518A-F100-4F5F-BCAC-A605F9EE9FFD}.Debug|Any CPU.ActiveCfg = Debug|Any CPU
		{F6C5518A-F100-4F5F-BCAC-A605F9EE9FFD}.Debug|Any CPU.Build.0 = Debug|Any CPU
		{F6C5518A-F100-4F5F-BCAC-A605F9EE9FFD}.Release|Any CPU.ActiveCfg = Release|Any CPU
		{F6C5518A-F100-4F5F-BCAC-A605F9EE9FFD}.Release|Any CPU.Build.0 = Release|Any CPU
		{7BCF438D-8CBE-4892-ACF2-1735A1961E69}.Debug|Any CPU.ActiveCfg = Debug|Any CPU
		{7BCF438D-8CBE-4892-ACF2-1735A1961E69}.Debug|Any CPU.Build.0 = Debug|Any CPU
		{7BCF438D-8CBE-4892-ACF2-1735A1961E69}.Release|Any CPU.ActiveCfg = Release|Any CPU
		{7BCF438D-8CBE-4892-ACF2-1735A1961E69}.Release|Any CPU.Build.0 = Release|Any CPU
		{7ECAA5C6-063D-4E0E-92B3-08B4A9C5573E}.Debug|Any CPU.ActiveCfg = Debug|Any CPU
		{7ECAA5C6-063D-4E0E-92B3-08B4A9C5573E}.Debug|Any CPU.Build.0 = Debug|Any CPU
		{7ECAA5C6-063D-4E0E-92B3-08B4A9C5573E}.Release|Any CPU.ActiveCfg = Release|Any CPU
		{7ECAA5C6-063D-4E0E-92B3-08B4A9C5573E}.Release|Any CPU.Build.0 = Release|Any CPU
		{0E9BE2A2-B9F0-408E-B2EC-4AA20CF07A39}.Debug|Any CPU.ActiveCfg = Debug|Any CPU
		{0E9BE2A2-B9F0-408E-B2EC-4AA20CF07A39}.Debug|Any CPU.Build.0 = Debug|Any CPU
		{0E9BE2A2-B9F0-408E-B2EC-4AA20CF07A39}.Release|Any CPU.ActiveCfg = Release|Any CPU
		{0E9BE2A2-B9F0-408E-B2EC-4AA20CF07A39}.Release|Any CPU.Build.0 = Release|Any CPU
		{9C2166DA-8C93-4096-8CF2-4F5B12DD3145}.Debug|Any CPU.ActiveCfg = Debug|Any CPU
		{9C2166DA-8C93-4096-8CF2-4F5B12DD3145}.Debug|Any CPU.Build.0 = Debug|Any CPU
		{9C2166DA-8C93-4096-8CF2-4F5B12DD3145}.Release|Any CPU.ActiveCfg = Release|Any CPU
		{9C2166DA-8C93-4096-8CF2-4F5B12DD3145}.Release|Any CPU.Build.0 = Release|Any CPU
		{D8E225D4-BE50-4871-A8E7-2827CF70207B}.Debug|Any CPU.ActiveCfg = Debug|Any CPU
		{D8E225D4-BE50-4871-A8E7-2827CF70207B}.Debug|Any CPU.Build.0 = Debug|Any CPU
		{D8E225D4-BE50-4871-A8E7-2827CF70207B}.Release|Any CPU.ActiveCfg = Release|Any CPU
		{D8E225D4-BE50-4871-A8E7-2827CF70207B}.Release|Any CPU.Build.0 = Release|Any CPU
		{EE9D18B0-6218-4848-AD1E-D81FC7A62ED0}.Debug|Any CPU.ActiveCfg = Debug|Any CPU
		{EE9D18B0-6218-4848-AD1E-D81FC7A62ED0}.Debug|Any CPU.Build.0 = Debug|Any CPU
		{EE9D18B0-6218-4848-AD1E-D81FC7A62ED0}.Release|Any CPU.ActiveCfg = Release|Any CPU
		{EE9D18B0-6218-4848-AD1E-D81FC7A62ED0}.Release|Any CPU.Build.0 = Release|Any CPU
		{89C4713C-047F-4656-92A4-C70AA29921D4}.Debug|Any CPU.ActiveCfg = Debug|Any CPU
		{89C4713C-047F-4656-92A4-C70AA29921D4}.Debug|Any CPU.Build.0 = Debug|Any CPU
		{89C4713C-047F-4656-92A4-C70AA29921D4}.Release|Any CPU.ActiveCfg = Release|Any CPU
		{89C4713C-047F-4656-92A4-C70AA29921D4}.Release|Any CPU.Build.0 = Release|Any CPU
		{C2CD6DDE-125C-4F9B-A004-856E9482A8F7}.Debug|Any CPU.ActiveCfg = Debug|Any CPU
		{C2CD6DDE-125C-4F9B-A004-856E9482A8F7}.Debug|Any CPU.Build.0 = Debug|Any CPU
		{C2CD6DDE-125C-4F9B-A004-856E9482A8F7}.Release|Any CPU.ActiveCfg = Release|Any CPU
		{C2CD6DDE-125C-4F9B-A004-856E9482A8F7}.Release|Any CPU.Build.0 = Release|Any CPU
		{71CE9B58-DEB6-4767-8789-AE31AFCCFC5B}.Debug|Any CPU.ActiveCfg = Debug|Any CPU
		{71CE9B58-DEB6-4767-8789-AE31AFCCFC5B}.Debug|Any CPU.Build.0 = Debug|Any CPU
		{71CE9B58-DEB6-4767-8789-AE31AFCCFC5B}.Release|Any CPU.ActiveCfg = Release|Any CPU
		{71CE9B58-DEB6-4767-8789-AE31AFCCFC5B}.Release|Any CPU.Build.0 = Release|Any CPU
		{35C1F8FD-4E34-41DF-AA59-6E7C4ABCAEDC}.Debug|Any CPU.ActiveCfg = Debug|Any CPU
		{35C1F8FD-4E34-41DF-AA59-6E7C4ABCAEDC}.Debug|Any CPU.Build.0 = Debug|Any CPU
		{35C1F8FD-4E34-41DF-AA59-6E7C4ABCAEDC}.Release|Any CPU.ActiveCfg = Release|Any CPU
		{35C1F8FD-4E34-41DF-AA59-6E7C4ABCAEDC}.Release|Any CPU.Build.0 = Release|Any CPU
		{1DD05926-362E-456E-A98B-CED562C42E28}.Debug|Any CPU.ActiveCfg = Debug|Any CPU
		{1DD05926-362E-456E-A98B-CED562C42E28}.Debug|Any CPU.Build.0 = Debug|Any CPU
		{1DD05926-362E-456E-A98B-CED562C42E28}.Release|Any CPU.ActiveCfg = Release|Any CPU
		{1DD05926-362E-456E-A98B-CED562C42E28}.Release|Any CPU.Build.0 = Release|Any CPU
		{2F609B07-4869-4776-AF01-BA27A32EAA15}.Debug|Any CPU.ActiveCfg = Debug|Any CPU
		{2F609B07-4869-4776-AF01-BA27A32EAA15}.Debug|Any CPU.Build.0 = Debug|Any CPU
		{2F609B07-4869-4776-AF01-BA27A32EAA15}.Release|Any CPU.ActiveCfg = Release|Any CPU
		{2F609B07-4869-4776-AF01-BA27A32EAA15}.Release|Any CPU.Build.0 = Release|Any CPU
		{F82105D4-90FA-45B6-9D1E-A8BE18206140}.Debug|Any CPU.ActiveCfg = Debug|Any CPU
		{F82105D4-90FA-45B6-9D1E-A8BE18206140}.Debug|Any CPU.Build.0 = Debug|Any CPU
		{F82105D4-90FA-45B6-9D1E-A8BE18206140}.Release|Any CPU.ActiveCfg = Release|Any CPU
		{F82105D4-90FA-45B6-9D1E-A8BE18206140}.Release|Any CPU.Build.0 = Release|Any CPU
		{68A55D36-7D54-4368-A2EA-D696336E30FF}.Debug|Any CPU.ActiveCfg = Debug|Any CPU
		{68A55D36-7D54-4368-A2EA-D696336E30FF}.Debug|Any CPU.Build.0 = Debug|Any CPU
		{68A55D36-7D54-4368-A2EA-D696336E30FF}.Release|Any CPU.ActiveCfg = Release|Any CPU
		{68A55D36-7D54-4368-A2EA-D696336E30FF}.Release|Any CPU.Build.0 = Release|Any CPU
		{EA5E8398-732D-45DB-A38C-9561136A73C0}.Debug|Any CPU.ActiveCfg = Debug|Any CPU
		{EA5E8398-732D-45DB-A38C-9561136A73C0}.Debug|Any CPU.Build.0 = Debug|Any CPU
		{EA5E8398-732D-45DB-A38C-9561136A73C0}.Release|Any CPU.ActiveCfg = Release|Any CPU
		{EA5E8398-732D-45DB-A38C-9561136A73C0}.Release|Any CPU.Build.0 = Release|Any CPU
		{543274E4-B99F-4C61-A70E-2758903FD719}.Debug|Any CPU.ActiveCfg = Debug|Any CPU
		{543274E4-B99F-4C61-A70E-2758903FD719}.Debug|Any CPU.Build.0 = Debug|Any CPU
		{543274E4-B99F-4C61-A70E-2758903FD719}.Release|Any CPU.ActiveCfg = Release|Any CPU
		{543274E4-B99F-4C61-A70E-2758903FD719}.Release|Any CPU.Build.0 = Release|Any CPU
		{FA7C5946-0925-47A1-BCF9-F0C2B976CA1D}.Debug|Any CPU.ActiveCfg = Debug|Any CPU
		{FA7C5946-0925-47A1-BCF9-F0C2B976CA1D}.Debug|Any CPU.Build.0 = Debug|Any CPU
		{FA7C5946-0925-47A1-BCF9-F0C2B976CA1D}.Release|Any CPU.ActiveCfg = Release|Any CPU
		{FA7C5946-0925-47A1-BCF9-F0C2B976CA1D}.Release|Any CPU.Build.0 = Release|Any CPU
		{DDB6E4C3-D129-4F9C-8350-B9D6C5B3226E}.Debug|Any CPU.ActiveCfg = Debug|Any CPU
		{DDB6E4C3-D129-4F9C-8350-B9D6C5B3226E}.Debug|Any CPU.Build.0 = Debug|Any CPU
		{DDB6E4C3-D129-4F9C-8350-B9D6C5B3226E}.Release|Any CPU.ActiveCfg = Release|Any CPU
		{DDB6E4C3-D129-4F9C-8350-B9D6C5B3226E}.Release|Any CPU.Build.0 = Release|Any CPU
		{B1AEE6D1-5575-4FD8-9139-3AFAAEF321CC}.Debug|Any CPU.ActiveCfg = Debug|Any CPU
		{B1AEE6D1-5575-4FD8-9139-3AFAAEF321CC}.Debug|Any CPU.Build.0 = Debug|Any CPU
		{B1AEE6D1-5575-4FD8-9139-3AFAAEF321CC}.Release|Any CPU.ActiveCfg = Release|Any CPU
		{B1AEE6D1-5575-4FD8-9139-3AFAAEF321CC}.Release|Any CPU.Build.0 = Release|Any CPU
	EndGlobalSection
	GlobalSection(SolutionProperties) = preSolution
		HideSolutionNode = FALSE
	EndGlobalSection
	GlobalSection(NestedProjects) = preSolution
		{124AE04F-6039-45C0-89D6-D6B985347E96} = {30012AB9-F18B-4018-A226-0F245987760C}
		{E5ED40C3-FA97-4DA3-B37E-750C1087C4EF} = {30012AB9-F18B-4018-A226-0F245987760C}
		{B3673DEF-FBDD-4033-B105-7EE4E2B151AE} = {30012AB9-F18B-4018-A226-0F245987760C}
		{96B24536-CD0B-495C-ABED-DA6D7FC37537} = {561D1DDA-44D4-4381-8C7E-92CBA436D168}
		{F6C5518A-F100-4F5F-BCAC-A605F9EE9FFD} = {561D1DDA-44D4-4381-8C7E-92CBA436D168}
		{7BCF438D-8CBE-4892-ACF2-1735A1961E69} = {561D1DDA-44D4-4381-8C7E-92CBA436D168}
		{7ECAA5C6-063D-4E0E-92B3-08B4A9C5573E} = {561D1DDA-44D4-4381-8C7E-92CBA436D168}
		{0E9BE2A2-B9F0-408E-B2EC-4AA20CF07A39} = {561D1DDA-44D4-4381-8C7E-92CBA436D168}
		{9C2166DA-8C93-4096-8CF2-4F5B12DD3145} = {561D1DDA-44D4-4381-8C7E-92CBA436D168}
		{D8E225D4-BE50-4871-A8E7-2827CF70207B} = {561D1DDA-44D4-4381-8C7E-92CBA436D168}
		{EE9D18B0-6218-4848-AD1E-D81FC7A62ED0} = {561D1DDA-44D4-4381-8C7E-92CBA436D168}
		{89C4713C-047F-4656-92A4-C70AA29921D4} = {561D1DDA-44D4-4381-8C7E-92CBA436D168}
		{C2CD6DDE-125C-4F9B-A004-856E9482A8F7} = {561D1DDA-44D4-4381-8C7E-92CBA436D168}
		{71CE9B58-DEB6-4767-8789-AE31AFCCFC5B} = {236744EE-0AE0-4D2E-9987-97361D7A26A6}
		{35C1F8FD-4E34-41DF-AA59-6E7C4ABCAEDC} = {1DCDCCEA-65A3-4B43-9015-7F9DF92E6F0B}
		{1DD05926-362E-456E-A98B-CED562C42E28} = {1DCDCCEA-65A3-4B43-9015-7F9DF92E6F0B}
		{2F609B07-4869-4776-AF01-BA27A32EAA15} = {1DCDCCEA-65A3-4B43-9015-7F9DF92E6F0B}
		{F82105D4-90FA-45B6-9D1E-A8BE18206140} = {28586EF9-9C5E-4052-BE14-3D520824E2AD}
		{68A55D36-7D54-4368-A2EA-D696336E30FF} = {1DCDCCEA-65A3-4B43-9015-7F9DF92E6F0B}
		{EA5E8398-732D-45DB-A38C-9561136A73C0} = {1DCDCCEA-65A3-4B43-9015-7F9DF92E6F0B}
		{543274E4-B99F-4C61-A70E-2758903FD719} = {998CAB77-5AA9-49D0-86B2-BBEED7320CFF}
		{FA7C5946-0925-47A1-BCF9-F0C2B976CA1D} = {561D1DDA-44D4-4381-8C7E-92CBA436D168}
		{B1AEE6D1-5575-4FD8-9139-3AFAAEF321CC} = {1DCDCCEA-65A3-4B43-9015-7F9DF92E6F0B}
	EndGlobalSection
	GlobalSection(ExtensibilityGlobals) = postSolution
		SolutionGuid = {797C736E-D5F7-41AD-8D22-3A2D14A0F74E}
	EndGlobalSection
EndGlobal
